
Microsoft Visual Studio Solution File, Format Version 12.00
# Visual Studio Version 17
VisualStudioVersion = 17.10.35013.160
MinimumVisualStudioVersion = 10.0.40219.1
Project("{00D1A9C2-B5F0-4AF3-8072-F6C62B433612}") = "PRJ_NORTHWIND", "PRJ_NORTHWIND\PRJ_NORTHWIND.sqlproj", "{D2879D40-7FC2-4A4F-883C-CC2550F3EC61}"
EndProject
Project("{00D1A9C2-B5F0-4AF3-8072-F6C62B433612}") = "PRJ_PUBS", "PRJ_PUBS\PRJ_PUBS.sqlproj", "{D25E24F6-F45F-4121-9F34-E312D12FC1E0}"
EndProject
Project("{2150E333-8FDC-42A3-9474-1A3956D46DE8}") = "Scripts", "Scripts", "{3605C67D-C36C-4488-A38F-6477D22056CC}"
EndProject
Project("{2150E333-8FDC-42A3-9474-1A3956D46DE8}") = "Northwind", "Northwind", "{9489D16A-6EA5-48EE-8E94-EBB0206D118A}"
	ProjectSection(SolutionItems) = preProject
		Scripts\Northwind\instnwnd.sql = Scripts\Northwind\instnwnd.sql
	EndProjectSection
EndProject
Project("{2150E333-8FDC-42A3-9474-1A3956D46DE8}") = "Pubs", "Pubs", "{D48649AE-E5FC-4997-938D-4503EB6D20C4}"
	ProjectSection(SolutionItems) = preProject
		Scripts\Pubs\instpubs.sql = Scripts\Pubs\instpubs.sql
	EndProjectSection
EndProject
Global
	GlobalSection(SolutionConfigurationPlatforms) = preSolution
		Debug|Any CPU = Debug|Any CPU
		Release|Any CPU = Release|Any CPU
	EndGlobalSection
	GlobalSection(ProjectConfigurationPlatforms) = postSolution
		{D2879D40-7FC2-4A4F-883C-CC2550F3EC61}.Debug|Any CPU.ActiveCfg = Debug|Any CPU
		{D2879D40-7FC2-4A4F-883C-CC2550F3EC61}.Debug|Any CPU.Build.0 = Debug|Any CPU
		{D2879D40-7FC2-4A4F-883C-CC2550F3EC61}.Debug|Any CPU.Deploy.0 = Debug|Any CPU
		{D2879D40-7FC2-4A4F-883C-CC2550F3EC61}.Release|Any CPU.ActiveCfg = Release|Any CPU
		{D2879D40-7FC2-4A4F-883C-CC2550F3EC61}.Release|Any CPU.Build.0 = Release|Any CPU
		{D2879D40-7FC2-4A4F-883C-CC2550F3EC61}.Release|Any CPU.Deploy.0 = Release|Any CPU
		{D25E24F6-F45F-4121-9F34-E312D12FC1E0}.Debug|Any CPU.ActiveCfg = Debug|Any CPU
		{D25E24F6-F45F-4121-9F34-E312D12FC1E0}.Debug|Any CPU.Build.0 = Debug|Any CPU
		{D25E24F6-F45F-4121-9F34-E312D12FC1E0}.Debug|Any CPU.Deploy.0 = Debug|Any CPU
		{D25E24F6-F45F-4121-9F34-E312D12FC1E0}.Release|Any CPU.ActiveCfg = Release|Any CPU
		{D25E24F6-F45F-4121-9F34-E312D12FC1E0}.Release|Any CPU.Build.0 = Release|Any CPU
		{D25E24F6-F45F-4121-9F34-E312D12FC1E0}.Release|Any CPU.Deploy.0 = Release|Any CPU
	EndGlobalSection
	GlobalSection(SolutionProperties) = preSolution
		HideSolutionNode = FALSE
	EndGlobalSection
	GlobalSection(NestedProjects) = preSolution
		{9489D16A-6EA5-48EE-8E94-EBB0206D118A} = {3605C67D-C36C-4488-A38F-6477D22056CC}
		{D48649AE-E5FC-4997-938D-4503EB6D20C4} = {3605C67D-C36C-4488-A38F-6477D22056CC}
	EndGlobalSection
	GlobalSection(ExtensibilityGlobals) = postSolution
		SolutionGuid = {FB013700-7240-4A3E-A50A-31F9B0C18C58}
	EndGlobalSection
EndGlobal
